
Microsoft Visual Studio Solution File, Format Version 12.00
# Visual Studio Version 16
VisualStudioVersion = 16.0.30128.74
MinimumVisualStudioVersion = 10.0.40219.1
Project("{9A19103F-16F7-4668-BE54-9A1E7A4F7556}") = "Blog.Presentation", "Blog.Presentation\Blog.Presentation.csproj", "{EA7673F1-FD9F-4B11-9E6A-3C65744F6421}"
EndProject
Project("{9A19103F-16F7-4668-BE54-9A1E7A4F7556}") = "Blog.Domains", "Blog.Domain\Blog.Domains.csproj", "{CB5445D0-1ACD-4336-B1CE-F3A0C7CDD789}"
EndProject
Project("{9A19103F-16F7-4668-BE54-9A1E7A4F7556}") = "Blog.ApplicationServices", "Blog.ApplicationService\Blog.ApplicationServices.csproj", "{D430FF1F-FFF4-4819-BCC3-3F2B68EDB42F}"
EndProject
Project("{9A19103F-16F7-4668-BE54-9A1E7A4F7556}") = "Blog.DataAccessCommands", "Blog.DataAccess\Blog.DataAccessCommands.csproj", "{8553B5EF-B120-4A29-9BC1-7FA5F9FB1FDF}"
EndProject
Project("{2150E333-8FDC-42A3-9474-1A3956D46DE8}") = "01-Domains", "01-Domains", "{15F7DD54-9039-4912-8009-44D1B45F109E}"
EndProject
Project("{2150E333-8FDC-42A3-9474-1A3956D46DE8}") = "02-ApplicationServices", "02-ApplicationServices", "{0E5ACF80-D7B2-404B-80ED-AABF58722C84}"
EndProject
Project("{2150E333-8FDC-42A3-9474-1A3956D46DE8}") = "03-DataAccess", "03-DataAccess", "{67534421-FCB6-4D88-BCC4-9AFBA6639AB4}"
EndProject
Project("{2150E333-8FDC-42A3-9474-1A3956D46DE8}") = "04-Presentation", "04-Presentation", "{3A1D33D5-826D-474A-9BA5-71AF6FE29418}"
EndProject
Project("{9A19103F-16F7-4668-BE54-9A1E7A4F7556}") = "Blog.DataAccessQueries", "Blog.DataAccessQuery\Blog.DataAccessQueries.csproj", "{16B0A405-E36D-42CD-A97D-D301A0589F0A}"
EndProject
Global
	GlobalSection(SolutionConfigurationPlatforms) = preSolution
		Debug|Any CPU = Debug|Any CPU
		Release|Any CPU = Release|Any CPU
	EndGlobalSection
	GlobalSection(ProjectConfigurationPlatforms) = postSolution
		{EA7673F1-FD9F-4B11-9E6A-3C65744F6421}.Debug|Any CPU.ActiveCfg = Debug|Any CPU
		{EA7673F1-FD9F-4B11-9E6A-3C65744F6421}.Debug|Any CPU.Build.0 = Debug|Any CPU
		{EA7673F1-FD9F-4B11-9E6A-3C65744F6421}.Release|Any CPU.ActiveCfg = Release|Any CPU
		{EA7673F1-FD9F-4B11-9E6A-3C65744F6421}.Release|Any CPU.Build.0 = Release|Any CPU
		{CB5445D0-1ACD-4336-B1CE-F3A0C7CDD789}.Debug|Any CPU.ActiveCfg = Debug|Any CPU
		{CB5445D0-1ACD-4336-B1CE-F3A0C7CDD789}.Debug|Any CPU.Build.0 = Debug|Any CPU
		{CB5445D0-1ACD-4336-B1CE-F3A0C7CDD789}.Release|Any CPU.ActiveCfg = Release|Any CPU
		{CB5445D0-1ACD-4336-B1CE-F3A0C7CDD789}.Release|Any CPU.Build.0 = Release|Any CPU
		{D430FF1F-FFF4-4819-BCC3-3F2B68EDB42F}.Debug|Any CPU.ActiveCfg = Debug|Any CPU
		{D430FF1F-FFF4-4819-BCC3-3F2B68EDB42F}.Debug|Any CPU.Build.0 = Debug|Any CPU
		{D430FF1F-FFF4-4819-BCC3-3F2B68EDB42F}.Release|Any CPU.ActiveCfg = Release|Any CPU
		{D430FF1F-FFF4-4819-BCC3-3F2B68EDB42F}.Release|Any CPU.Build.0 = Release|Any CPU
		{8553B5EF-B120-4A29-9BC1-7FA5F9FB1FDF}.Debug|Any CPU.ActiveCfg = Debug|Any CPU
		{8553B5EF-B120-4A29-9BC1-7FA5F9FB1FDF}.Debug|Any CPU.Build.0 = Debug|Any CPU
		{8553B5EF-B120-4A29-9BC1-7FA5F9FB1FDF}.Release|Any CPU.ActiveCfg = Release|Any CPU
		{8553B5EF-B120-4A29-9BC1-7FA5F9FB1FDF}.Release|Any CPU.Build.0 = Release|Any CPU
		{16B0A405-E36D-42CD-A97D-D301A0589F0A}.Debug|Any CPU.ActiveCfg = Debug|Any CPU
		{16B0A405-E36D-42CD-A97D-D301A0589F0A}.Debug|Any CPU.Build.0 = Debug|Any CPU
		{16B0A405-E36D-42CD-A97D-D301A0589F0A}.Release|Any CPU.ActiveCfg = Release|Any CPU
		{16B0A405-E36D-42CD-A97D-D301A0589F0A}.Release|Any CPU.Build.0 = Release|Any CPU
	EndGlobalSection
	GlobalSection(SolutionProperties) = preSolution
		HideSolutionNode = FALSE
	EndGlobalSection
	GlobalSection(NestedProjects) = preSolution
		{EA7673F1-FD9F-4B11-9E6A-3C65744F6421} = {3A1D33D5-826D-474A-9BA5-71AF6FE29418}
		{CB5445D0-1ACD-4336-B1CE-F3A0C7CDD789} = {15F7DD54-9039-4912-8009-44D1B45F109E}
		{D430FF1F-FFF4-4819-BCC3-3F2B68EDB42F} = {0E5ACF80-D7B2-404B-80ED-AABF58722C84}
		{8553B5EF-B120-4A29-9BC1-7FA5F9FB1FDF} = {67534421-FCB6-4D88-BCC4-9AFBA6639AB4}
		{16B0A405-E36D-42CD-A97D-D301A0589F0A} = {67534421-FCB6-4D88-BCC4-9AFBA6639AB4}
	EndGlobalSection
	GlobalSection(ExtensibilityGlobals) = postSolution
		SolutionGuid = {A215A4FA-8916-4512-BC28-6AC31B7B7104}
	EndGlobalSection
EndGlobal
